
Microsoft Visual Studio Solution File, Format Version 12.00
# Visual Studio Version 17
VisualStudioVersion = 17.0.31912.275
MinimumVisualStudioVersion = 10.0.40219.1
Project("{FAE04EC0-301F-11D3-BF4B-00C04F79EFBC}") = "ICue Temp Graphs", "ICue Temp Graphs\ICue Temp Graphs.csproj", "{57A97F02-07AF-4FF8-B17B-BDE7095BCD33}"
EndProject
Global
	GlobalSection(SolutionConfigurationPlatforms) = preSolution
		Debug|Any CPU = Debug|Any CPU
		Release|Any CPU = Release|Any CPU
	EndGlobalSection
	GlobalSection(ProjectConfigurationPlatforms) = postSolution
		{57A97F02-07AF-4FF8-B17B-BDE7095BCD33}.Debug|Any CPU.ActiveCfg = Debug|Any CPU
		{57A97F02-07AF-4FF8-B17B-BDE7095BCD33}.Debug|Any CPU.Build.0 = Debug|Any CPU
		{57A97F02-07AF-4FF8-B17B-BDE7095BCD33}.Release|Any CPU.ActiveCfg = Release|Any CPU
		{57A97F02-07AF-4FF8-B17B-BDE7095BCD33}.Release|Any CPU.Build.0 = Release|Any CPU
	EndGlobalSection
	GlobalSection(SolutionProperties) = preSolution
		HideSolutionNode = FALSE
	EndGlobalSection
	GlobalSection(ExtensibilityGlobals) = postSolution
		SolutionGuid = {53566085-B4D5-4FF8-8742-92035B66980E}
	EndGlobalSection
EndGlobal
